
Microsoft Visual Studio Solution File, Format Version 12.00
# Visual Studio 2012
Project("{FAE04EC0-301F-11D3-BF4B-00C04F79EFBC}") = "LocalWiki", "LocalWiki\LocalWiki.csproj", "{CDF4BC41-89A6-426A-B535-034A69E0BECC}"
EndProject
Project("{FAE04EC0-301F-11D3-BF4B-00C04F79EFBC}") = "UnitTestArticles", "UnitTestArticles\UnitTestArticles.csproj", "{CFF7EA71-B91A-4995-884C-76656AADFDA1}"
EndProject
Project("{FAE04EC0-301F-11D3-BF4B-00C04F79EFBC}") = "Interfaces", "Interfaces\Interfaces.csproj", "{5CA99562-7DBA-4B75-9E72-899DF12594FD}"
EndProject
Global
	GlobalSection(SolutionConfigurationPlatforms) = preSolution
		Debug|Any CPU = Debug|Any CPU
		Release|Any CPU = Release|Any CPU
	EndGlobalSection
	GlobalSection(ProjectConfigurationPlatforms) = postSolution
		{CDF4BC41-89A6-426A-B535-034A69E0BECC}.Debug|Any CPU.ActiveCfg = Debug|Any CPU
		{CDF4BC41-89A6-426A-B535-034A69E0BECC}.Debug|Any CPU.Build.0 = Debug|Any CPU
		{CDF4BC41-89A6-426A-B535-034A69E0BECC}.Release|Any CPU.ActiveCfg = Release|Any CPU
		{CDF4BC41-89A6-426A-B535-034A69E0BECC}.Release|Any CPU.Build.0 = Release|Any CPU
		{CFF7EA71-B91A-4995-884C-76656AADFDA1}.Debug|Any CPU.ActiveCfg = Debug|Any CPU
		{CFF7EA71-B91A-4995-884C-76656AADFDA1}.Debug|Any CPU.Build.0 = Debug|Any CPU
		{CFF7EA71-B91A-4995-884C-76656AADFDA1}.Release|Any CPU.ActiveCfg = Release|Any CPU
		{CFF7EA71-B91A-4995-884C-76656AADFDA1}.Release|Any CPU.Build.0 = Release|Any CPU
		{5CA99562-7DBA-4B75-9E72-899DF12594FD}.Debug|Any CPU.ActiveCfg = Debug|Any CPU
		{5CA99562-7DBA-4B75-9E72-899DF12594FD}.Debug|Any CPU.Build.0 = Debug|Any CPU
		{5CA99562-7DBA-4B75-9E72-899DF12594FD}.Release|Any CPU.ActiveCfg = Release|Any CPU
		{5CA99562-7DBA-4B75-9E72-899DF12594FD}.Release|Any CPU.Build.0 = Release|Any CPU
	EndGlobalSection
	GlobalSection(SolutionProperties) = preSolution
		HideSolutionNode = FALSE
	EndGlobalSection
EndGlobal
